
Microsoft Visual Studio Solution File, Format Version 12.00
# Visual Studio Express 2013 for Windows Desktop
VisualStudioVersion = 12.0.40629.0
MinimumVisualStudioVersion = 10.0.40219.1
Project("{2150E333-8FDC-42A3-9474-1A3956D46DE8}") = "MetallurgTrans", "MetallurgTrans", "{36D4A4DC-D756-4DFC-B27B-CB5E54DB288F}"
EndProject
Project("{2150E333-8FDC-42A3-9474-1A3956D46DE8}") = "Test", "Test", "{D8DF509B-44F2-401E-9803-138E077730BE}"
EndProject
Project("{FAE04EC0-301F-11D3-BF4B-00C04F79EFBC}") = "Testing", "Testing\Testing.csproj", "{853239F1-443F-4681-A766-C8D70D1B6C25}"
EndProject
Project("{2150E333-8FDC-42A3-9474-1A3956D46DE8}") = "KIS", "KIS", "{9CCD8669-127A-4FB2-992B-44B828AF4F00}"
EndProject
Project("{2150E333-8FDC-42A3-9474-1A3956D46DE8}") = "Railway", "Railway", "{2FAA2C5D-4A51-4CD1-AA98-4BDDF9843D24}"
EndProject
Project("{2150E333-8FDC-42A3-9474-1A3956D46DE8}") = "Services", "Services", "{6659E1AF-CC59-49B2-83B5-4CCEA099DAF7}"
EndProject
Project("{2150E333-8FDC-42A3-9474-1A3956D46DE8}") = "Common", "Common", "{4808388D-6837-49BE-9213-B3D8BC5BF100}"
EndProject
Project("{FAE04EC0-301F-11D3-BF4B-00C04F79EFBC}") = "RWSettings", "RWSettings\RWSettings.csproj", "{00D9D515-6089-4334-AF39-28DB22CD7D20}"
EndProject
Project("{FAE04EC0-301F-11D3-BF4B-00C04F79EFBC}") = "MLogs", "MLogs\MLogs.csproj", "{8F256CD8-5A1C-466D-9874-639EC4FADB0F}"
EndProject
Project("{2150E333-8FDC-42A3-9474-1A3956D46DE8}") = "SubModules", "SubModules", "{5F57B36F-18B4-4AD7-8BBB-EB737932A1B0}"
EndProject
Project("{FAE04EC0-301F-11D3-BF4B-00C04F79EFBC}") = "libClass", "Helpers\libClass\libClass.csproj", "{38A8FE37-55F2-4357-A59D-D8C8A8755AA5}"
EndProject
Project("{FAE04EC0-301F-11D3-BF4B-00C04F79EFBC}") = "EventLogs", "MessageLogs\EventLogs\EventLogs.csproj", "{85C34940-3512-439E-86B0-7929F73E5B34}"
EndProject
Project("{FAE04EC0-301F-11D3-BF4B-00C04F79EFBC}") = "FileLogs", "MessageLogs\FileLogs\FileLogs.csproj", "{5700D165-D83A-44B4-BE83-E8F77E68813B}"
EndProject
Project("{FAE04EC0-301F-11D3-BF4B-00C04F79EFBC}") = "DBLogs", "MessageLogs\DBLogs\DBLogs.csproj", "{56B38018-2E35-42F4-87D8-273DD38A9899}"
EndProject
Project("{FAE04EC0-301F-11D3-BF4B-00C04F79EFBC}") = "DBSettings", "AppSettings\DBSettings\DBSettings.csproj", "{25455657-0E7C-4399-81AE-1C8E6A3587EA}"
EndProject
Project("{FAE04EC0-301F-11D3-BF4B-00C04F79EFBC}") = "ConfigSettings", "AppSettings\ConfigSettings\ConfigSettings.csproj", "{17AD2BE4-8792-4AE9-ABE5-2A8C4CEDAB73}"
EndProject
Global
	GlobalSection(SolutionConfigurationPlatforms) = preSolution
		Debug|Any CPU = Debug|Any CPU
		Release|Any CPU = Release|Any CPU
	EndGlobalSection
	GlobalSection(ProjectConfigurationPlatforms) = postSolution
		{853239F1-443F-4681-A766-C8D70D1B6C25}.Debug|Any CPU.ActiveCfg = Debug|Any CPU
		{853239F1-443F-4681-A766-C8D70D1B6C25}.Debug|Any CPU.Build.0 = Debug|Any CPU
		{853239F1-443F-4681-A766-C8D70D1B6C25}.Release|Any CPU.ActiveCfg = Release|Any CPU
		{853239F1-443F-4681-A766-C8D70D1B6C25}.Release|Any CPU.Build.0 = Release|Any CPU
		{00D9D515-6089-4334-AF39-28DB22CD7D20}.Debug|Any CPU.ActiveCfg = Debug|Any CPU
		{00D9D515-6089-4334-AF39-28DB22CD7D20}.Debug|Any CPU.Build.0 = Debug|Any CPU
		{00D9D515-6089-4334-AF39-28DB22CD7D20}.Release|Any CPU.ActiveCfg = Release|Any CPU
		{00D9D515-6089-4334-AF39-28DB22CD7D20}.Release|Any CPU.Build.0 = Release|Any CPU
		{8F256CD8-5A1C-466D-9874-639EC4FADB0F}.Debug|Any CPU.ActiveCfg = Debug|Any CPU
		{8F256CD8-5A1C-466D-9874-639EC4FADB0F}.Debug|Any CPU.Build.0 = Debug|Any CPU
		{8F256CD8-5A1C-466D-9874-639EC4FADB0F}.Release|Any CPU.ActiveCfg = Release|Any CPU
		{8F256CD8-5A1C-466D-9874-639EC4FADB0F}.Release|Any CPU.Build.0 = Release|Any CPU
		{38A8FE37-55F2-4357-A59D-D8C8A8755AA5}.Debug|Any CPU.ActiveCfg = Debug|Any CPU
		{38A8FE37-55F2-4357-A59D-D8C8A8755AA5}.Debug|Any CPU.Build.0 = Debug|Any CPU
		{38A8FE37-55F2-4357-A59D-D8C8A8755AA5}.Release|Any CPU.ActiveCfg = Release|Any CPU
		{38A8FE37-55F2-4357-A59D-D8C8A8755AA5}.Release|Any CPU.Build.0 = Release|Any CPU
		{85C34940-3512-439E-86B0-7929F73E5B34}.Debug|Any CPU.ActiveCfg = Debug|Any CPU
		{85C34940-3512-439E-86B0-7929F73E5B34}.Debug|Any CPU.Build.0 = Debug|Any CPU
		{85C34940-3512-439E-86B0-7929F73E5B34}.Release|Any CPU.ActiveCfg = Release|Any CPU
		{85C34940-3512-439E-86B0-7929F73E5B34}.Release|Any CPU.Build.0 = Release|Any CPU
		{5700D165-D83A-44B4-BE83-E8F77E68813B}.Debug|Any CPU.ActiveCfg = Debug|Any CPU
		{5700D165-D83A-44B4-BE83-E8F77E68813B}.Debug|Any CPU.Build.0 = Debug|Any CPU
		{5700D165-D83A-44B4-BE83-E8F77E68813B}.Release|Any CPU.ActiveCfg = Release|Any CPU
		{5700D165-D83A-44B4-BE83-E8F77E68813B}.Release|Any CPU.Build.0 = Release|Any CPU
		{56B38018-2E35-42F4-87D8-273DD38A9899}.Debug|Any CPU.ActiveCfg = Debug|Any CPU
		{56B38018-2E35-42F4-87D8-273DD38A9899}.Debug|Any CPU.Build.0 = Debug|Any CPU
		{56B38018-2E35-42F4-87D8-273DD38A9899}.Release|Any CPU.ActiveCfg = Release|Any CPU
		{56B38018-2E35-42F4-87D8-273DD38A9899}.Release|Any CPU.Build.0 = Release|Any CPU
		{25455657-0E7C-4399-81AE-1C8E6A3587EA}.Debug|Any CPU.ActiveCfg = Debug|Any CPU
		{25455657-0E7C-4399-81AE-1C8E6A3587EA}.Debug|Any CPU.Build.0 = Debug|Any CPU
		{25455657-0E7C-4399-81AE-1C8E6A3587EA}.Release|Any CPU.ActiveCfg = Release|Any CPU
		{25455657-0E7C-4399-81AE-1C8E6A3587EA}.Release|Any CPU.Build.0 = Release|Any CPU
		{17AD2BE4-8792-4AE9-ABE5-2A8C4CEDAB73}.Debug|Any CPU.ActiveCfg = Debug|Any CPU
		{17AD2BE4-8792-4AE9-ABE5-2A8C4CEDAB73}.Debug|Any CPU.Build.0 = Debug|Any CPU
		{17AD2BE4-8792-4AE9-ABE5-2A8C4CEDAB73}.Release|Any CPU.ActiveCfg = Release|Any CPU
		{17AD2BE4-8792-4AE9-ABE5-2A8C4CEDAB73}.Release|Any CPU.Build.0 = Release|Any CPU
	EndGlobalSection
	GlobalSection(SolutionProperties) = preSolution
		HideSolutionNode = FALSE
	EndGlobalSection
	GlobalSection(NestedProjects) = preSolution
		{36D4A4DC-D756-4DFC-B27B-CB5E54DB288F} = {2FAA2C5D-4A51-4CD1-AA98-4BDDF9843D24}
		{853239F1-443F-4681-A766-C8D70D1B6C25} = {D8DF509B-44F2-401E-9803-138E077730BE}
		{9CCD8669-127A-4FB2-992B-44B828AF4F00} = {2FAA2C5D-4A51-4CD1-AA98-4BDDF9843D24}
		{6659E1AF-CC59-49B2-83B5-4CCEA099DAF7} = {2FAA2C5D-4A51-4CD1-AA98-4BDDF9843D24}
		{4808388D-6837-49BE-9213-B3D8BC5BF100} = {2FAA2C5D-4A51-4CD1-AA98-4BDDF9843D24}
		{00D9D515-6089-4334-AF39-28DB22CD7D20} = {4808388D-6837-49BE-9213-B3D8BC5BF100}
		{8F256CD8-5A1C-466D-9874-639EC4FADB0F} = {4808388D-6837-49BE-9213-B3D8BC5BF100}
		{38A8FE37-55F2-4357-A59D-D8C8A8755AA5} = {5F57B36F-18B4-4AD7-8BBB-EB737932A1B0}
		{85C34940-3512-439E-86B0-7929F73E5B34} = {5F57B36F-18B4-4AD7-8BBB-EB737932A1B0}
		{5700D165-D83A-44B4-BE83-E8F77E68813B} = {5F57B36F-18B4-4AD7-8BBB-EB737932A1B0}
		{56B38018-2E35-42F4-87D8-273DD38A9899} = {5F57B36F-18B4-4AD7-8BBB-EB737932A1B0}
		{25455657-0E7C-4399-81AE-1C8E6A3587EA} = {5F57B36F-18B4-4AD7-8BBB-EB737932A1B0}
		{17AD2BE4-8792-4AE9-ABE5-2A8C4CEDAB73} = {5F57B36F-18B4-4AD7-8BBB-EB737932A1B0}
	EndGlobalSection
EndGlobal
