
Microsoft Visual Studio Solution File, Format Version 12.00
# Visual Studio Express 2013 for Web
VisualStudioVersion = 12.0.40629.0
MinimumVisualStudioVersion = 10.0.40219.1
Project("{2150E333-8FDC-42A3-9474-1A3956D46DE8}") = "MetallurgTrans", "MetallurgTrans", "{36D4A4DC-D756-4DFC-B27B-CB5E54DB288F}"
EndProject
Project("{2150E333-8FDC-42A3-9474-1A3956D46DE8}") = "Test", "Test", "{D8DF509B-44F2-401E-9803-138E077730BE}"
EndProject
Project("{FAE04EC0-301F-11D3-BF4B-00C04F79EFBC}") = "Testing", "Testing\Testing.csproj", "{853239F1-443F-4681-A766-C8D70D1B6C25}"
EndProject
Project("{2150E333-8FDC-42A3-9474-1A3956D46DE8}") = "KIS", "KIS", "{9CCD8669-127A-4FB2-992B-44B828AF4F00}"
EndProject
Project("{2150E333-8FDC-42A3-9474-1A3956D46DE8}") = "Railway", "Railway", "{2FAA2C5D-4A51-4CD1-AA98-4BDDF9843D24}"
EndProject
Project("{2150E333-8FDC-42A3-9474-1A3956D46DE8}") = "Services", "Services", "{6659E1AF-CC59-49B2-83B5-4CCEA099DAF7}"
EndProject
Project("{2150E333-8FDC-42A3-9474-1A3956D46DE8}") = "Common", "Common", "{4808388D-6837-49BE-9213-B3D8BC5BF100}"
EndProject
Project("{FAE04EC0-301F-11D3-BF4B-00C04F79EFBC}") = "RWSettings", "RWSettings\RWSettings.csproj", "{00D9D515-6089-4334-AF39-28DB22CD7D20}"
EndProject
Project("{FAE04EC0-301F-11D3-BF4B-00C04F79EFBC}") = "MLogs", "MLogs\MLogs.csproj", "{8F256CD8-5A1C-466D-9874-639EC4FADB0F}"
EndProject
Project("{2150E333-8FDC-42A3-9474-1A3956D46DE8}") = "SubModules", "SubModules", "{5F57B36F-18B4-4AD7-8BBB-EB737932A1B0}"
EndProject
Project("{FAE04EC0-301F-11D3-BF4B-00C04F79EFBC}") = "libClass", "Helpers\libClass\libClass.csproj", "{38A8FE37-55F2-4357-A59D-D8C8A8755AA5}"
EndProject
Project("{FAE04EC0-301F-11D3-BF4B-00C04F79EFBC}") = "EventLogs", "MessageLogs\EventLogs\EventLogs.csproj", "{85C34940-3512-439E-86B0-7929F73E5B34}"
EndProject
Project("{FAE04EC0-301F-11D3-BF4B-00C04F79EFBC}") = "FileLogs", "MessageLogs\FileLogs\FileLogs.csproj", "{5700D165-D83A-44B4-BE83-E8F77E68813B}"
EndProject
Project("{FAE04EC0-301F-11D3-BF4B-00C04F79EFBC}") = "DBLogs", "MessageLogs\DBLogs\DBLogs.csproj", "{56B38018-2E35-42F4-87D8-273DD38A9899}"
EndProject
Project("{FAE04EC0-301F-11D3-BF4B-00C04F79EFBC}") = "DBSettings", "AppSettings\DBSettings\DBSettings.csproj", "{25455657-0E7C-4399-81AE-1C8E6A3587EA}"
EndProject
Project("{FAE04EC0-301F-11D3-BF4B-00C04F79EFBC}") = "ConfigSettings", "AppSettings\ConfigSettings\ConfigSettings.csproj", "{17AD2BE4-8792-4AE9-ABE5-2A8C4CEDAB73}"
EndProject
Project("{FAE04EC0-301F-11D3-BF4B-00C04F79EFBC}") = "EFMT", "EFMT\EFMT.csproj", "{415F94AA-63DF-4538-9552-FC9A22B61636}"
EndProject
Project("{FAE04EC0-301F-11D3-BF4B-00C04F79EFBC}") = "MetallurgTrans", "MetallurgTrans\MetallurgTrans.csproj", "{FA3408E4-C498-4F7B-A22E-B909E45C40E9}"
EndProject
Project("{FAE04EC0-301F-11D3-BF4B-00C04F79EFBC}") = "EFRW", "EFRW\EFRW.csproj", "{9D7A67B0-932B-40B7-8F30-696832B5088D}"
EndProject
Project("{2150E333-8FDC-42A3-9474-1A3956D46DE8}") = "OLDVersion", "OLDVersion", "{FBD6EAD9-8E3B-464D-A25B-0620E363FC49}"
EndProject
Project("{2150E333-8FDC-42A3-9474-1A3956D46DE8}") = "Web", "Web", "{D0935399-225E-476D-B0A9-A8A07CBA3C22}"
EndProject
Project("{FAE04EC0-301F-11D3-BF4B-00C04F79EFBC}") = "WebLogs", "MessageLogs\WebLogs\WebLogs.csproj", "{F89091AB-E2D5-465E-9702-39CFA3A46F51}"
EndProject
Project("{FAE04EC0-301F-11D3-BF4B-00C04F79EFBC}") = "RWWebAPI", "RWWebAPI\RWWebAPI.csproj", "{6F2C206C-B26C-4C3C-81ED-676D5E828F9B}"
EndProject
Project("{2150E333-8FDC-42A3-9474-1A3956D46DE8}") = "Reference", "Reference", "{6ABA5255-1CB6-4A83-9C39-D0B70CBDADB8}"
EndProject
Project("{FAE04EC0-301F-11D3-BF4B-00C04F79EFBC}") = "EFReference", "EFReference\EFReference.csproj", "{09D0B7B9-79E7-4DF8-AD4F-99DF5E9083F8}"
EndProject
Project("{2150E333-8FDC-42A3-9474-1A3956D46DE8}") = "RailCars", "RailCars", "{B707EA6E-75D8-4256-A34F-DDC25E0EB80E}"
EndProject
Project("{FAE04EC0-301F-11D3-BF4B-00C04F79EFBC}") = "TransferRailCars", "OLDVersion\TransferRailCars\TransferRailCars.csproj", "{A1F50999-31D4-4793-A92F-4D0F436922CB}"
EndProject
Project("{2150E333-8FDC-42A3-9474-1A3956D46DE8}") = "Railcars", "Railcars", "{ACB9966D-7875-4C9D-8259-4B0953363FA4}"
EndProject
Project("{FAE04EC0-301F-11D3-BF4B-00C04F79EFBC}") = "EFRC", "EFRC\EFRC.csproj", "{89A9BC62-6912-4DF8-A7F6-1C9A4BEAC8DD}"
EndProject
Project("{FAE04EC0-301F-11D3-BF4B-00C04F79EFBC}") = "RCReferences", "RCReferences\RCReferences.csproj", "{F36E6439-4C3E-423D-B636-01211BD018D7}"
EndProject
Project("{FAE04EC0-301F-11D3-BF4B-00C04F79EFBC}") = "EFKIS", "EFKIS\EFKIS.csproj", "{6A689386-EFF1-4B21-BE6D-3DD93E1B01BF}"
EndProject
Project("{FAE04EC0-301F-11D3-BF4B-00C04F79EFBC}") = "ServicesLogs", "MessageLogs\ServicesLogs\ServicesLogs.csproj", "{7674323E-0834-4BBF-87E6-D582D2EB7A27}"
EndProject
Project("{FAE04EC0-301F-11D3-BF4B-00C04F79EFBC}") = "Web_RailWay", "Web_RailWay\Web_RailWay.csproj", "{B18EA1B5-0104-4A5B-965B-56148AF7C78E}"
EndProject
Project("{FAE04EC0-301F-11D3-BF4B-00C04F79EFBC}") = "MTTServices", "MTTServices\MTTServices.csproj", "{7B0E36EA-839B-47C1-A92A-C9953928797F}"
EndProject
Global
	GlobalSection(SolutionConfigurationPlatforms) = preSolution
		Debug|Any CPU = Debug|Any CPU
		Release|Any CPU = Release|Any CPU
	EndGlobalSection
	GlobalSection(ProjectConfigurationPlatforms) = postSolution
		{853239F1-443F-4681-A766-C8D70D1B6C25}.Debug|Any CPU.ActiveCfg = Debug|Any CPU
		{853239F1-443F-4681-A766-C8D70D1B6C25}.Debug|Any CPU.Build.0 = Debug|Any CPU
		{853239F1-443F-4681-A766-C8D70D1B6C25}.Release|Any CPU.ActiveCfg = Release|Any CPU
		{853239F1-443F-4681-A766-C8D70D1B6C25}.Release|Any CPU.Build.0 = Release|Any CPU
		{00D9D515-6089-4334-AF39-28DB22CD7D20}.Debug|Any CPU.ActiveCfg = Debug|Any CPU
		{00D9D515-6089-4334-AF39-28DB22CD7D20}.Debug|Any CPU.Build.0 = Debug|Any CPU
		{00D9D515-6089-4334-AF39-28DB22CD7D20}.Release|Any CPU.ActiveCfg = Release|Any CPU
		{00D9D515-6089-4334-AF39-28DB22CD7D20}.Release|Any CPU.Build.0 = Release|Any CPU
		{8F256CD8-5A1C-466D-9874-639EC4FADB0F}.Debug|Any CPU.ActiveCfg = Debug|Any CPU
		{8F256CD8-5A1C-466D-9874-639EC4FADB0F}.Debug|Any CPU.Build.0 = Debug|Any CPU
		{8F256CD8-5A1C-466D-9874-639EC4FADB0F}.Release|Any CPU.ActiveCfg = Release|Any CPU
		{8F256CD8-5A1C-466D-9874-639EC4FADB0F}.Release|Any CPU.Build.0 = Release|Any CPU
		{38A8FE37-55F2-4357-A59D-D8C8A8755AA5}.Debug|Any CPU.ActiveCfg = Debug|Any CPU
		{38A8FE37-55F2-4357-A59D-D8C8A8755AA5}.Debug|Any CPU.Build.0 = Debug|Any CPU
		{38A8FE37-55F2-4357-A59D-D8C8A8755AA5}.Release|Any CPU.ActiveCfg = Release|Any CPU
		{38A8FE37-55F2-4357-A59D-D8C8A8755AA5}.Release|Any CPU.Build.0 = Release|Any CPU
		{85C34940-3512-439E-86B0-7929F73E5B34}.Debug|Any CPU.ActiveCfg = Debug|Any CPU
		{85C34940-3512-439E-86B0-7929F73E5B34}.Debug|Any CPU.Build.0 = Debug|Any CPU
		{85C34940-3512-439E-86B0-7929F73E5B34}.Release|Any CPU.ActiveCfg = Release|Any CPU
		{85C34940-3512-439E-86B0-7929F73E5B34}.Release|Any CPU.Build.0 = Release|Any CPU
		{5700D165-D83A-44B4-BE83-E8F77E68813B}.Debug|Any CPU.ActiveCfg = Debug|Any CPU
		{5700D165-D83A-44B4-BE83-E8F77E68813B}.Debug|Any CPU.Build.0 = Debug|Any CPU
		{5700D165-D83A-44B4-BE83-E8F77E68813B}.Release|Any CPU.ActiveCfg = Release|Any CPU
		{5700D165-D83A-44B4-BE83-E8F77E68813B}.Release|Any CPU.Build.0 = Release|Any CPU
		{56B38018-2E35-42F4-87D8-273DD38A9899}.Debug|Any CPU.ActiveCfg = Debug|Any CPU
		{56B38018-2E35-42F4-87D8-273DD38A9899}.Debug|Any CPU.Build.0 = Debug|Any CPU
		{56B38018-2E35-42F4-87D8-273DD38A9899}.Release|Any CPU.ActiveCfg = Release|Any CPU
		{56B38018-2E35-42F4-87D8-273DD38A9899}.Release|Any CPU.Build.0 = Release|Any CPU
		{25455657-0E7C-4399-81AE-1C8E6A3587EA}.Debug|Any CPU.ActiveCfg = Debug|Any CPU
		{25455657-0E7C-4399-81AE-1C8E6A3587EA}.Debug|Any CPU.Build.0 = Debug|Any CPU
		{25455657-0E7C-4399-81AE-1C8E6A3587EA}.Release|Any CPU.ActiveCfg = Release|Any CPU
		{25455657-0E7C-4399-81AE-1C8E6A3587EA}.Release|Any CPU.Build.0 = Release|Any CPU
		{17AD2BE4-8792-4AE9-ABE5-2A8C4CEDAB73}.Debug|Any CPU.ActiveCfg = Debug|Any CPU
		{17AD2BE4-8792-4AE9-ABE5-2A8C4CEDAB73}.Debug|Any CPU.Build.0 = Debug|Any CPU
		{17AD2BE4-8792-4AE9-ABE5-2A8C4CEDAB73}.Release|Any CPU.ActiveCfg = Release|Any CPU
		{17AD2BE4-8792-4AE9-ABE5-2A8C4CEDAB73}.Release|Any CPU.Build.0 = Release|Any CPU
		{415F94AA-63DF-4538-9552-FC9A22B61636}.Debug|Any CPU.ActiveCfg = Debug|Any CPU
		{415F94AA-63DF-4538-9552-FC9A22B61636}.Debug|Any CPU.Build.0 = Debug|Any CPU
		{415F94AA-63DF-4538-9552-FC9A22B61636}.Release|Any CPU.ActiveCfg = Release|Any CPU
		{415F94AA-63DF-4538-9552-FC9A22B61636}.Release|Any CPU.Build.0 = Release|Any CPU
		{FA3408E4-C498-4F7B-A22E-B909E45C40E9}.Debug|Any CPU.ActiveCfg = Debug|Any CPU
		{FA3408E4-C498-4F7B-A22E-B909E45C40E9}.Debug|Any CPU.Build.0 = Debug|Any CPU
		{FA3408E4-C498-4F7B-A22E-B909E45C40E9}.Release|Any CPU.ActiveCfg = Release|Any CPU
		{FA3408E4-C498-4F7B-A22E-B909E45C40E9}.Release|Any CPU.Build.0 = Release|Any CPU
		{9D7A67B0-932B-40B7-8F30-696832B5088D}.Debug|Any CPU.ActiveCfg = Debug|Any CPU
		{9D7A67B0-932B-40B7-8F30-696832B5088D}.Debug|Any CPU.Build.0 = Debug|Any CPU
		{9D7A67B0-932B-40B7-8F30-696832B5088D}.Release|Any CPU.ActiveCfg = Release|Any CPU
		{9D7A67B0-932B-40B7-8F30-696832B5088D}.Release|Any CPU.Build.0 = Release|Any CPU
		{F89091AB-E2D5-465E-9702-39CFA3A46F51}.Debug|Any CPU.ActiveCfg = Debug|Any CPU
		{F89091AB-E2D5-465E-9702-39CFA3A46F51}.Debug|Any CPU.Build.0 = Debug|Any CPU
		{F89091AB-E2D5-465E-9702-39CFA3A46F51}.Release|Any CPU.ActiveCfg = Release|Any CPU
		{F89091AB-E2D5-465E-9702-39CFA3A46F51}.Release|Any CPU.Build.0 = Release|Any CPU
		{6F2C206C-B26C-4C3C-81ED-676D5E828F9B}.Debug|Any CPU.ActiveCfg = Debug|Any CPU
		{6F2C206C-B26C-4C3C-81ED-676D5E828F9B}.Debug|Any CPU.Build.0 = Debug|Any CPU
		{6F2C206C-B26C-4C3C-81ED-676D5E828F9B}.Release|Any CPU.ActiveCfg = Release|Any CPU
		{6F2C206C-B26C-4C3C-81ED-676D5E828F9B}.Release|Any CPU.Build.0 = Release|Any CPU
		{09D0B7B9-79E7-4DF8-AD4F-99DF5E9083F8}.Debug|Any CPU.ActiveCfg = Debug|Any CPU
		{09D0B7B9-79E7-4DF8-AD4F-99DF5E9083F8}.Debug|Any CPU.Build.0 = Debug|Any CPU
		{09D0B7B9-79E7-4DF8-AD4F-99DF5E9083F8}.Release|Any CPU.ActiveCfg = Release|Any CPU
		{09D0B7B9-79E7-4DF8-AD4F-99DF5E9083F8}.Release|Any CPU.Build.0 = Release|Any CPU
		{A1F50999-31D4-4793-A92F-4D0F436922CB}.Debug|Any CPU.ActiveCfg = Debug|Any CPU
		{A1F50999-31D4-4793-A92F-4D0F436922CB}.Debug|Any CPU.Build.0 = Debug|Any CPU
		{A1F50999-31D4-4793-A92F-4D0F436922CB}.Release|Any CPU.ActiveCfg = Release|Any CPU
		{A1F50999-31D4-4793-A92F-4D0F436922CB}.Release|Any CPU.Build.0 = Release|Any CPU
		{89A9BC62-6912-4DF8-A7F6-1C9A4BEAC8DD}.Debug|Any CPU.ActiveCfg = Debug|Any CPU
		{89A9BC62-6912-4DF8-A7F6-1C9A4BEAC8DD}.Debug|Any CPU.Build.0 = Debug|Any CPU
		{89A9BC62-6912-4DF8-A7F6-1C9A4BEAC8DD}.Release|Any CPU.ActiveCfg = Release|Any CPU
		{89A9BC62-6912-4DF8-A7F6-1C9A4BEAC8DD}.Release|Any CPU.Build.0 = Release|Any CPU
		{F36E6439-4C3E-423D-B636-01211BD018D7}.Debug|Any CPU.ActiveCfg = Debug|Any CPU
		{F36E6439-4C3E-423D-B636-01211BD018D7}.Debug|Any CPU.Build.0 = Debug|Any CPU
		{F36E6439-4C3E-423D-B636-01211BD018D7}.Release|Any CPU.ActiveCfg = Release|Any CPU
		{F36E6439-4C3E-423D-B636-01211BD018D7}.Release|Any CPU.Build.0 = Release|Any CPU
		{6A689386-EFF1-4B21-BE6D-3DD93E1B01BF}.Debug|Any CPU.ActiveCfg = Debug|Any CPU
		{6A689386-EFF1-4B21-BE6D-3DD93E1B01BF}.Debug|Any CPU.Build.0 = Debug|Any CPU
		{6A689386-EFF1-4B21-BE6D-3DD93E1B01BF}.Release|Any CPU.ActiveCfg = Release|Any CPU
		{6A689386-EFF1-4B21-BE6D-3DD93E1B01BF}.Release|Any CPU.Build.0 = Release|Any CPU
		{7674323E-0834-4BBF-87E6-D582D2EB7A27}.Debug|Any CPU.ActiveCfg = Debug|Any CPU
		{7674323E-0834-4BBF-87E6-D582D2EB7A27}.Debug|Any CPU.Build.0 = Debug|Any CPU
		{7674323E-0834-4BBF-87E6-D582D2EB7A27}.Release|Any CPU.ActiveCfg = Release|Any CPU
		{7674323E-0834-4BBF-87E6-D582D2EB7A27}.Release|Any CPU.Build.0 = Release|Any CPU
		{B18EA1B5-0104-4A5B-965B-56148AF7C78E}.Debug|Any CPU.ActiveCfg = Debug|Any CPU
		{B18EA1B5-0104-4A5B-965B-56148AF7C78E}.Debug|Any CPU.Build.0 = Debug|Any CPU
		{B18EA1B5-0104-4A5B-965B-56148AF7C78E}.Release|Any CPU.ActiveCfg = Release|Any CPU
		{B18EA1B5-0104-4A5B-965B-56148AF7C78E}.Release|Any CPU.Build.0 = Release|Any CPU
		{7B0E36EA-839B-47C1-A92A-C9953928797F}.Debug|Any CPU.ActiveCfg = Debug|Any CPU
		{7B0E36EA-839B-47C1-A92A-C9953928797F}.Debug|Any CPU.Build.0 = Debug|Any CPU
		{7B0E36EA-839B-47C1-A92A-C9953928797F}.Release|Any CPU.ActiveCfg = Release|Any CPU
		{7B0E36EA-839B-47C1-A92A-C9953928797F}.Release|Any CPU.Build.0 = Release|Any CPU
	EndGlobalSection
	GlobalSection(SolutionProperties) = preSolution
		HideSolutionNode = FALSE
	EndGlobalSection
	GlobalSection(NestedProjects) = preSolution
		{853239F1-443F-4681-A766-C8D70D1B6C25} = {D8DF509B-44F2-401E-9803-138E077730BE}
		{00D9D515-6089-4334-AF39-28DB22CD7D20} = {4808388D-6837-49BE-9213-B3D8BC5BF100}
		{8F256CD8-5A1C-466D-9874-639EC4FADB0F} = {4808388D-6837-49BE-9213-B3D8BC5BF100}
		{38A8FE37-55F2-4357-A59D-D8C8A8755AA5} = {5F57B36F-18B4-4AD7-8BBB-EB737932A1B0}
		{85C34940-3512-439E-86B0-7929F73E5B34} = {5F57B36F-18B4-4AD7-8BBB-EB737932A1B0}
		{5700D165-D83A-44B4-BE83-E8F77E68813B} = {5F57B36F-18B4-4AD7-8BBB-EB737932A1B0}
		{56B38018-2E35-42F4-87D8-273DD38A9899} = {5F57B36F-18B4-4AD7-8BBB-EB737932A1B0}
		{25455657-0E7C-4399-81AE-1C8E6A3587EA} = {5F57B36F-18B4-4AD7-8BBB-EB737932A1B0}
		{17AD2BE4-8792-4AE9-ABE5-2A8C4CEDAB73} = {5F57B36F-18B4-4AD7-8BBB-EB737932A1B0}
		{415F94AA-63DF-4538-9552-FC9A22B61636} = {36D4A4DC-D756-4DFC-B27B-CB5E54DB288F}
		{FA3408E4-C498-4F7B-A22E-B909E45C40E9} = {36D4A4DC-D756-4DFC-B27B-CB5E54DB288F}
		{9D7A67B0-932B-40B7-8F30-696832B5088D} = {2FAA2C5D-4A51-4CD1-AA98-4BDDF9843D24}
		{F89091AB-E2D5-465E-9702-39CFA3A46F51} = {5F57B36F-18B4-4AD7-8BBB-EB737932A1B0}
		{6F2C206C-B26C-4C3C-81ED-676D5E828F9B} = {4808388D-6837-49BE-9213-B3D8BC5BF100}
		{09D0B7B9-79E7-4DF8-AD4F-99DF5E9083F8} = {6ABA5255-1CB6-4A83-9C39-D0B70CBDADB8}
		{B707EA6E-75D8-4256-A34F-DDC25E0EB80E} = {FBD6EAD9-8E3B-464D-A25B-0620E363FC49}
		{A1F50999-31D4-4793-A92F-4D0F436922CB} = {FBD6EAD9-8E3B-464D-A25B-0620E363FC49}
		{89A9BC62-6912-4DF8-A7F6-1C9A4BEAC8DD} = {ACB9966D-7875-4C9D-8259-4B0953363FA4}
		{F36E6439-4C3E-423D-B636-01211BD018D7} = {ACB9966D-7875-4C9D-8259-4B0953363FA4}
		{6A689386-EFF1-4B21-BE6D-3DD93E1B01BF} = {9CCD8669-127A-4FB2-992B-44B828AF4F00}
		{7674323E-0834-4BBF-87E6-D582D2EB7A27} = {5F57B36F-18B4-4AD7-8BBB-EB737932A1B0}
		{B18EA1B5-0104-4A5B-965B-56148AF7C78E} = {D0935399-225E-476D-B0A9-A8A07CBA3C22}
		{7B0E36EA-839B-47C1-A92A-C9953928797F} = {36D4A4DC-D756-4DFC-B27B-CB5E54DB288F}
	EndGlobalSection
EndGlobal
